
Microsoft Visual Studio Solution File, Format Version 12.00
# Visual Studio Version 16
VisualStudioVersion = 16.0.29926.136
MinimumVisualStudioVersion = 10.0.40219.1
Project("{FAE04EC0-301F-11D3-BF4B-00C04F79EFBC}") = "Palindrome", "Palindrome\Palindrome.csproj", "{EB11C951-BEB5-436E-9550-5CC707CF701F}"
EndProject
Global
	GlobalSection(SolutionConfigurationPlatforms) = preSolution
		Debug|Any CPU = Debug|Any CPU
		Release|Any CPU = Release|Any CPU
	EndGlobalSection
	GlobalSection(ProjectConfigurationPlatforms) = postSolution
		{EB11C951-BEB5-436E-9550-5CC707CF701F}.Debug|Any CPU.ActiveCfg = Debug|Any CPU
		{EB11C951-BEB5-436E-9550-5CC707CF701F}.Debug|Any CPU.Build.0 = Debug|Any CPU
		{EB11C951-BEB5-436E-9550-5CC707CF701F}.Release|Any CPU.ActiveCfg = Release|Any CPU
		{EB11C951-BEB5-436E-9550-5CC707CF701F}.Release|Any CPU.Build.0 = Release|Any CPU
	EndGlobalSection
	GlobalSection(SolutionProperties) = preSolution
		HideSolutionNode = FALSE
	EndGlobalSection
	GlobalSection(ExtensibilityGlobals) = postSolution
		SolutionGuid = {F9BC8906-F39F-4420-A8A3-1EBEBDACD5D5}
	EndGlobalSection
EndGlobal
